# This file is autogenerated, do not edit; changes may be undone by the next 'dep ensure'.


[[projects]]
  name = "github.com/pkg/errors"
  packages = ["."]
  revision = "645ef00459ed84a119197bfb8d8205042c6df63d"
  version = "v0.8.0"

[[projects]]
  name = "gopkg.in/goracle.v2"
  packages = ["."]
  revision = "f13d53f949c0c3299c069f53a781be7d0bd7e70c"
  version = "v2.5.0"

[solve-meta]
  analyzer-name = "dep"
  analyzer-version = 1
  inputs-digest = "7cd63ae2dbf077a279e851518dfc574564c13ca9cbac40b7e5d004a5efa45cd4"
  solver-name = "gps-cdcl"
  solver-version = 1
